
Microsoft Visual Studio Solution File, Format Version 12.00
# Visual Studio 15
VisualStudioVersion = 15.0.28010.2046
MinimumVisualStudioVersion = 10.0.40219.1
Project("{8BC9CEB8-8B4A-11D0-8D11-00A0C91BC942}") = "Day01", "Day01\Day01.vcxproj", "{542856BF-8D84-442A-89EC-790CADA18890}"
EndProject
Global
	GlobalSection(SolutionConfigurationPlatforms) = preSolution
		Debug|x64 = Debug|x64
		Debug|x86 = Debug|x86
		Release|x64 = Release|x64
		Release|x86 = Release|x86
	EndGlobalSection
	GlobalSection(ProjectConfigurationPlatforms) = postSolution
		{542856BF-8D84-442A-89EC-790CADA18890}.Debug|x64.ActiveCfg = Debug|x64
		{542856BF-8D84-442A-89EC-790CADA18890}.Debug|x64.Build.0 = Debug|x64
		{542856BF-8D84-442A-89EC-790CADA18890}.Debug|x86.ActiveCfg = Debug|Win32
		{542856BF-8D84-442A-89EC-790CADA18890}.Debug|x86.Build.0 = Debug|Win32
		{542856BF-8D84-442A-89EC-790CADA18890}.Release|x64.ActiveCfg = Release|x64
		{542856BF-8D84-442A-89EC-790CADA18890}.Release|x64.Build.0 = Release|x64
		{542856BF-8D84-442A-89EC-790CADA18890}.Release|x86.ActiveCfg = Release|Win32
		{542856BF-8D84-442A-89EC-790CADA18890}.Release|x86.Build.0 = Release|Win32
	EndGlobalSection
	GlobalSection(SolutionProperties) = preSolution
		HideSolutionNode = FALSE
	EndGlobalSection
	GlobalSection(ExtensibilityGlobals) = postSolution
		SolutionGuid = {C10E26AD-BBE6-4872-8893-BFC2B4C0D2BE}
	EndGlobalSection
EndGlobal
